// !$*UTF8*$!
{
	archiveVersion = 1;
	classes = {
	};
	objectVersion = 55;
	objects = {

/* Begin PBXBuildFile section */
		2504E6F4293705F600B1F7CF /* EDTSDropdown.swift in Sources */ = {isa = PBXBuildFile; fileRef = 2504E6F3293705F600B1F7CF /* EDTSDropdown.swift */; };
		2504E6F62937060600B1F7CF /* EDTSDropdown.xib in Resources */ = {isa = PBXBuildFile; fileRef = 2504E6F52937060600B1F7CF /* EDTSDropdown.xib */; };
		2584CDCA293DAE0900A45A21 /* EDTSDropZone.swift in Sources */ = {isa = PBXBuildFile; fileRef = 2584CDC9293DAE0900A45A21 /* EDTSDropZone.swift */; };
		2584CDCC293DAE1000A45A21 /* EDTSDropZone.xib in Resources */ = {isa = PBXBuildFile; fileRef = 2584CDCB293DAE1000A45A21 /* EDTSDropZone.xib */; };
		25943A262938536200BCEBA0 /* EDTSList.swift in Sources */ = {isa = PBXBuildFile; fileRef = 25943A252938536200BCEBA0 /* EDTSList.swift */; };
		25943A282938536C00BCEBA0 /* EDTSList.xib in Resources */ = {isa = PBXBuildFile; fileRef = 25943A272938536C00BCEBA0 /* EDTSList.xib */; };
		8E5FE3F92B22AF2A0003C66D /* EDTSUIView.swift in Sources */ = {isa = PBXBuildFile; fileRef = 8E5FE3F82B22AF2A0003C66D /* EDTSUIView.swift */; };
		8E5FE43C2B22B1D20003C66D /* EDTSQRCodeView.xib in Resources */ = {isa = PBXBuildFile; fileRef = 8E5FE4342B22B1D20003C66D /* EDTSQRCodeView.xib */; };
		8E5FE43F2B22B1D20003C66D /* EDTSQRCodeView.swift in Sources */ = {isa = PBXBuildFile; fileRef = 8E5FE4382B22B1D20003C66D /* EDTSQRCodeView.swift */; };
		8E5FE4402B22B1D20003C66D /* EDTSQRCodeViewTray.swift in Sources */ = {isa = PBXBuildFile; fileRef = 8E5FE43A2B22B1D20003C66D /* EDTSQRCodeViewTray.swift */; };
		8E5FE4412B22B1D20003C66D /* EDTSQRCodeViewTray.xib in Resources */ = {isa = PBXBuildFile; fileRef = 8E5FE43B2B22B1D20003C66D /* EDTSQRCodeViewTray.xib */; };
		8E5FE4442B22B21E0003C66D /* EDTSQRCodeHelper.swift in Sources */ = {isa = PBXBuildFile; fileRef = 8E5FE4432B22B21E0003C66D /* EDTSQRCodeHelper.swift */; };
		8E5FE4522B22B9DC0003C66D /* EDTSMenuTray.swift in Sources */ = {isa = PBXBuildFile; fileRef = 8E5FE44D2B22B9DC0003C66D /* EDTSMenuTray.swift */; };
		8E5FE4532B22B9DC0003C66D /* EDTSMenuTray.xib in Resources */ = {isa = PBXBuildFile; fileRef = 8E5FE44E2B22B9DC0003C66D /* EDTSMenuTray.xib */; };
		8E5FE4542B22B9DD0003C66D /* EDTSMenuTrayCell.swift in Sources */ = {isa = PBXBuildFile; fileRef = 8E5FE4502B22B9DC0003C66D /* EDTSMenuTrayCell.swift */; };
		8E5FE4552B22B9DD0003C66D /* EDTSMenuTrayCell.xib in Resources */ = {isa = PBXBuildFile; fileRef = 8E5FE4512B22B9DC0003C66D /* EDTSMenuTrayCell.xib */; };
		8E5FE45E2B22C35D0003C66D /* EDTSAlertTray.swift in Sources */ = {isa = PBXBuildFile; fileRef = 8E5FE45C2B22C35D0003C66D /* EDTSAlertTray.swift */; };
		8E5FE45F2B22C35D0003C66D /* EDTSAlertTray.xib in Resources */ = {isa = PBXBuildFile; fileRef = 8E5FE45D2B22C35D0003C66D /* EDTSAlertTray.xib */; };
		8E5FE46B2B22C64A0003C66D /* EDTSInformationViewTray.xib in Resources */ = {isa = PBXBuildFile; fileRef = 8E5FE4672B22C64A0003C66D /* EDTSInformationViewTray.xib */; };
		8E5FE46C2B22C64A0003C66D /* EDTSInformationViewTray.swift in Sources */ = {isa = PBXBuildFile; fileRef = 8E5FE4682B22C64A0003C66D /* EDTSInformationViewTray.swift */; };
		8E5FE46D2B22C64A0003C66D /* EDTSInformationView.xib in Resources */ = {isa = PBXBuildFile; fileRef = 8E5FE4692B22C64A0003C66D /* EDTSInformationView.xib */; };
		8E5FE46E2B22C64A0003C66D /* EDTSInformationView.swift in Sources */ = {isa = PBXBuildFile; fileRef = 8E5FE46A2B22C64A0003C66D /* EDTSInformationView.swift */; };
		8E5FE4702B22C68E0003C66D /* Extension+UILabel.swift in Sources */ = {isa = PBXBuildFile; fileRef = 8E5FE46F2B22C68E0003C66D /* Extension+UILabel.swift */; };
		8E5FE4722B22C6B70003C66D /* Extension+NSAttributedString.swift in Sources */ = {isa = PBXBuildFile; fileRef = 8E5FE4712B22C6B70003C66D /* Extension+NSAttributedString.swift */; };
		8E5FE4742B22C7590003C66D /* EDTSTextHelper.swift in Sources */ = {isa = PBXBuildFile; fileRef = 8E5FE4732B22C7590003C66D /* EDTSTextHelper.swift */; };
		8E5FE4762B22C8230003C66D /* Extension+UITextView.swift in Sources */ = {isa = PBXBuildFile; fileRef = 8E5FE4752B22C8230003C66D /* Extension+UITextView.swift */; };
		8E5FE4882B22CD2E0003C66D /* EDTSCheckboxOptions.xib in Resources */ = {isa = PBXBuildFile; fileRef = 8E5FE47D2B22CD2E0003C66D /* EDTSCheckboxOptions.xib */; };
		8E5FE4892B22CD2E0003C66D /* EDTSCheckboxOptionsCell.xib in Resources */ = {isa = PBXBuildFile; fileRef = 8E5FE47F2B22CD2E0003C66D /* EDTSCheckboxOptionsCell.xib */; };
		8E5FE48A2B22CD2E0003C66D /* EDTSCheckboxOptionsCell.swift in Sources */ = {isa = PBXBuildFile; fileRef = 8E5FE4802B22CD2E0003C66D /* EDTSCheckboxOptionsCell.swift */; };
		8E5FE48B2B22CD2E0003C66D /* EDTSCheckboxOptions.swift in Sources */ = {isa = PBXBuildFile; fileRef = 8E5FE4812B22CD2E0003C66D /* EDTSCheckboxOptions.swift */; };
		8E5FE48C2B22CD2E0003C66D /* EDTSRadioOptions.xib in Resources */ = {isa = PBXBuildFile; fileRef = 8E5FE4832B22CD2E0003C66D /* EDTSRadioOptions.xib */; };
		8E5FE48D2B22CD2E0003C66D /* EDTSRadioOptionsCell.swift in Sources */ = {isa = PBXBuildFile; fileRef = 8E5FE4852B22CD2E0003C66D /* EDTSRadioOptionsCell.swift */; };
		8E5FE48E2B22CD2E0003C66D /* EDTSRadioOptionsCell.xib in Resources */ = {isa = PBXBuildFile; fileRef = 8E5FE4862B22CD2E0003C66D /* EDTSRadioOptionsCell.xib */; };
		8E5FE48F2B22CD2E0003C66D /* EDTSRadioOptions.swift in Sources */ = {isa = PBXBuildFile; fileRef = 8E5FE4872B22CD2E0003C66D /* EDTSRadioOptions.swift */; };
		8E5FE4922B22CE5F0003C66D /* EDTSOption.swift in Sources */ = {isa = PBXBuildFile; fileRef = 8E5FE4912B22CE5F0003C66D /* EDTSOption.swift */; };
		8E80C42C2B21CA7500AD2BC6 /* EDTSUIAssets.xcassets in Resources */ = {isa = PBXBuildFile; fileRef = 8E80C42B2B21CA7500AD2BC6 /* EDTSUIAssets.xcassets */; };
		8E80C4312B21CD5400AD2BC6 /* EDTSFittedCollectionView.swift in Sources */ = {isa = PBXBuildFile; fileRef = 8E80C42E2B21CD5400AD2BC6 /* EDTSFittedCollectionView.swift */; };
		8E80C4322B21CD5400AD2BC6 /* EDTSFittedTableView.swift in Sources */ = {isa = PBXBuildFile; fileRef = 8E80C4302B21CD5400AD2BC6 /* EDTSFittedTableView.swift */; };
		8E80C4472B21D43A00AD2BC6 /* EDTSRangeSliderTrackLayer.swift in Sources */ = {isa = PBXBuildFile; fileRef = 8E80C4442B21D43A00AD2BC6 /* EDTSRangeSliderTrackLayer.swift */; };
		8E80C4482B21D43A00AD2BC6 /* EDTSRangeSliderThumbLayer.swift in Sources */ = {isa = PBXBuildFile; fileRef = 8E80C4452B21D43A00AD2BC6 /* EDTSRangeSliderThumbLayer.swift */; };
		8E80C4492B21D43A00AD2BC6 /* EDTSRangeSlider.swift in Sources */ = {isa = PBXBuildFile; fileRef = 8E80C4462B21D43A00AD2BC6 /* EDTSRangeSlider.swift */; };
		8E8B448F2B2C3B6700B21EEC /* EDTSUIAssets.swift in Sources */ = {isa = PBXBuildFile; fileRef = 8E8B448E2B2C3B6700B21EEC /* EDTSUIAssets.swift */; };
		8EF498622B21B51700F6BB4B /* EDTSDatePicker.swift in Sources */ = {isa = PBXBuildFile; fileRef = 8EF498592B21B51700F6BB4B /* EDTSDatePicker.swift */; };
		8EF498632B21B51700F6BB4B /* EDTSDatePickerTray.swift in Sources */ = {isa = PBXBuildFile; fileRef = 8EF4985C2B21B51700F6BB4B /* EDTSDatePickerTray.swift */; };
		8EF498642B21B51700F6BB4B /* EDTSDatePickerTray.xib in Resources */ = {isa = PBXBuildFile; fileRef = 8EF4985D2B21B51700F6BB4B /* EDTSDatePickerTray.xib */; };
		8EF498652B21B51700F6BB4B /* EDTSMonthYearPickerTray.swift in Sources */ = {isa = PBXBuildFile; fileRef = 8EF4985F2B21B51700F6BB4B /* EDTSMonthYearPickerTray.swift */; };
		8EF498662B21B51700F6BB4B /* EDTSMonthYearPickerTray.xib in Resources */ = {isa = PBXBuildFile; fileRef = 8EF498602B21B51700F6BB4B /* EDTSMonthYearPickerTray.xib */; };
		8EF498672B21B51700F6BB4B /* EDTSDatePicker.xib in Resources */ = {isa = PBXBuildFile; fileRef = 8EF498612B21B51700F6BB4B /* EDTSDatePicker.xib */; };
		8EF4986A2B21B55F00F6BB4B /* EDTSBaseTray.swift in Sources */ = {isa = PBXBuildFile; fileRef = 8EF498692B21B55F00F6BB4B /* EDTSBaseTray.swift */; };
		8EF4986D2B21B61100F6BB4B /* Extension+Date.swift in Sources */ = {isa = PBXBuildFile; fileRef = 8EF4986C2B21B61100F6BB4B /* Extension+Date.swift */; };
		F230C22828DD909A0056ADBE /* EDTSOTP.xib in Resources */ = {isa = PBXBuildFile; fileRef = F230C22728DD909A0056ADBE /* EDTSOTP.xib */; };
		F230C22A28DD90AA0056ADBE /* EDTSOTP.swift in Sources */ = {isa = PBXBuildFile; fileRef = F230C22928DD90AA0056ADBE /* EDTSOTP.swift */; };
		F230C22C28DD92620056ADBE /* EDTSOTPDigit.swift in Sources */ = {isa = PBXBuildFile; fileRef = F230C22B28DD92620056ADBE /* EDTSOTPDigit.swift */; };
		F25CB5C82925F80D008D4306 /* EDTSSuccessPage.swift in Sources */ = {isa = PBXBuildFile; fileRef = F25CB5C62925F80D008D4306 /* EDTSSuccessPage.swift */; };
		F25CB5C92925F80D008D4306 /* EDTSSuccessPage.xib in Resources */ = {isa = PBXBuildFile; fileRef = F25CB5C72925F80D008D4306 /* EDTSSuccessPage.xib */; };
		F25CB5CB2925F9EF008D4306 /* EDTSSuccessPageStyle.swift in Sources */ = {isa = PBXBuildFile; fileRef = F25CB5CA2925F9EF008D4306 /* EDTSSuccessPageStyle.swift */; };
		F26010A528D02CAC0097FD95 /* EDTSUI.h in Headers */ = {isa = PBXBuildFile; fileRef = F26010A428D02CAC0097FD95 /* EDTSUI.h */; settings = {ATTRIBUTES = (Public, ); }; };
		F26010AF28D02EDF0097FD95 /* EDTSColor.swift in Sources */ = {isa = PBXBuildFile; fileRef = F26010AE28D02EDF0097FD95 /* EDTSColor.swift */; };
		F26010B428D038F00097FD95 /* EDTSFont.swift in Sources */ = {isa = PBXBuildFile; fileRef = F26010B328D038F00097FD95 /* EDTSFont.swift */; };
		F26010BB28D03B580097FD95 /* EDTSPopUp.xib in Resources */ = {isa = PBXBuildFile; fileRef = F26010B828D03B580097FD95 /* EDTSPopUp.xib */; };
		F26010BC28D03B580097FD95 /* EDTSPopUp.swift in Sources */ = {isa = PBXBuildFile; fileRef = F26010B928D03B580097FD95 /* EDTSPopUp.swift */; };
		F26010C728D03ECB0097FD95 /* EDTSPopUpStyle.swift in Sources */ = {isa = PBXBuildFile; fileRef = F26010C628D03ECB0097FD95 /* EDTSPopUpStyle.swift */; };
		F263E67328E2A5F60084A3D6 /* EDTSOnboarding.swift in Sources */ = {isa = PBXBuildFile; fileRef = F263E67228E2A5F60084A3D6 /* EDTSOnboarding.swift */; };
		F263E67528E2A60E0084A3D6 /* EDTSOnboarding.xib in Resources */ = {isa = PBXBuildFile; fileRef = F263E67428E2A60E0084A3D6 /* EDTSOnboarding.xib */; };
		F263E67728E2A8320084A3D6 /* EDTSOnboardingContent.xib in Resources */ = {isa = PBXBuildFile; fileRef = F263E67628E2A8320084A3D6 /* EDTSOnboardingContent.xib */; };
		F263E67928E2A83C0084A3D6 /* EDTSOnboardingContent.swift in Sources */ = {isa = PBXBuildFile; fileRef = F263E67828E2A83C0084A3D6 /* EDTSOnboardingContent.swift */; };
		F263E67B28E2A9CE0084A3D6 /* EDTSOnboardingData.swift in Sources */ = {isa = PBXBuildFile; fileRef = F263E67A28E2A9CE0084A3D6 /* EDTSOnboardingData.swift */; };
		F288C570292A20930073AE5B /* EDTSToaster.swift in Sources */ = {isa = PBXBuildFile; fileRef = F288C56E292A20930073AE5B /* EDTSToaster.swift */; };
		F288C571292A20930073AE5B /* EDTSToaster.xib in Resources */ = {isa = PBXBuildFile; fileRef = F288C56F292A20930073AE5B /* EDTSToaster.xib */; };
		F297DC7028D96C500096D2FA /* EDTSTextField.xib in Resources */ = {isa = PBXBuildFile; fileRef = F297DC6F28D96C500096D2FA /* EDTSTextField.xib */; };
		F297DC7228D96C830096D2FA /* EDTSTextField.swift in Sources */ = {isa = PBXBuildFile; fileRef = F297DC7128D96C830096D2FA /* EDTSTextField.swift */; };
		F2E9DF8928ED709700EB301F /* EDTSStepper.swift in Sources */ = {isa = PBXBuildFile; fileRef = F2E9DF8828ED709700EB301F /* EDTSStepper.swift */; };
		F2E9DF8B28ED70A500EB301F /* EDTSStepper.xib in Resources */ = {isa = PBXBuildFile; fileRef = F2E9DF8A28ED70A500EB301F /* EDTSStepper.xib */; };
/* End PBXBuildFile section */

/* Begin PBXFileReference section */
		2504E6F3293705F600B1F7CF /* EDTSDropdown.swift */ = {isa = PBXFileReference; lastKnownFileType = sourcecode.swift; path = EDTSDropdown.swift; sourceTree = "<group>"; };
		2504E6F52937060600B1F7CF /* EDTSDropdown.xib */ = {isa = PBXFileReference; lastKnownFileType = file.xib; path = EDTSDropdown.xib; sourceTree = "<group>"; };
		2584CDC9293DAE0900A45A21 /* EDTSDropZone.swift */ = {isa = PBXFileReference; lastKnownFileType = sourcecode.swift; path = EDTSDropZone.swift; sourceTree = "<group>"; };
		2584CDCB293DAE1000A45A21 /* EDTSDropZone.xib */ = {isa = PBXFileReference; lastKnownFileType = file.xib; path = EDTSDropZone.xib; sourceTree = "<group>"; };
		25943A252938536200BCEBA0 /* EDTSList.swift */ = {isa = PBXFileReference; lastKnownFileType = sourcecode.swift; path = EDTSList.swift; sourceTree = "<group>"; };
		25943A272938536C00BCEBA0 /* EDTSList.xib */ = {isa = PBXFileReference; lastKnownFileType = file.xib; path = EDTSList.xib; sourceTree = "<group>"; };
		8E5FE3F82B22AF2A0003C66D /* EDTSUIView.swift */ = {isa = PBXFileReference; lastKnownFileType = sourcecode.swift; path = EDTSUIView.swift; sourceTree = "<group>"; };
		8E5FE4342B22B1D20003C66D /* EDTSQRCodeView.xib */ = {isa = PBXFileReference; fileEncoding = 4; lastKnownFileType = file.xib; path = EDTSQRCodeView.xib; sourceTree = "<group>"; };
		8E5FE4382B22B1D20003C66D /* EDTSQRCodeView.swift */ = {isa = PBXFileReference; fileEncoding = 4; lastKnownFileType = sourcecode.swift; path = EDTSQRCodeView.swift; sourceTree = "<group>"; };
		8E5FE43A2B22B1D20003C66D /* EDTSQRCodeViewTray.swift */ = {isa = PBXFileReference; fileEncoding = 4; lastKnownFileType = sourcecode.swift; path = EDTSQRCodeViewTray.swift; sourceTree = "<group>"; };
		8E5FE43B2B22B1D20003C66D /* EDTSQRCodeViewTray.xib */ = {isa = PBXFileReference; fileEncoding = 4; lastKnownFileType = file.xib; path = EDTSQRCodeViewTray.xib; sourceTree = "<group>"; };
		8E5FE4432B22B21E0003C66D /* EDTSQRCodeHelper.swift */ = {isa = PBXFileReference; lastKnownFileType = sourcecode.swift; path = EDTSQRCodeHelper.swift; sourceTree = "<group>"; };
		8E5FE44D2B22B9DC0003C66D /* EDTSMenuTray.swift */ = {isa = PBXFileReference; fileEncoding = 4; lastKnownFileType = sourcecode.swift; path = EDTSMenuTray.swift; sourceTree = "<group>"; };
		8E5FE44E2B22B9DC0003C66D /* EDTSMenuTray.xib */ = {isa = PBXFileReference; fileEncoding = 4; lastKnownFileType = file.xib; path = EDTSMenuTray.xib; sourceTree = "<group>"; };
		8E5FE4502B22B9DC0003C66D /* EDTSMenuTrayCell.swift */ = {isa = PBXFileReference; fileEncoding = 4; lastKnownFileType = sourcecode.swift; path = EDTSMenuTrayCell.swift; sourceTree = "<group>"; };
		8E5FE4512B22B9DC0003C66D /* EDTSMenuTrayCell.xib */ = {isa = PBXFileReference; fileEncoding = 4; lastKnownFileType = file.xib; path = EDTSMenuTrayCell.xib; sourceTree = "<group>"; };
		8E5FE45C2B22C35D0003C66D /* EDTSAlertTray.swift */ = {isa = PBXFileReference; fileEncoding = 4; lastKnownFileType = sourcecode.swift; path = EDTSAlertTray.swift; sourceTree = "<group>"; };
		8E5FE45D2B22C35D0003C66D /* EDTSAlertTray.xib */ = {isa = PBXFileReference; fileEncoding = 4; lastKnownFileType = file.xib; path = EDTSAlertTray.xib; sourceTree = "<group>"; };
		8E5FE4672B22C64A0003C66D /* EDTSInformationViewTray.xib */ = {isa = PBXFileReference; fileEncoding = 4; lastKnownFileType = file.xib; path = EDTSInformationViewTray.xib; sourceTree = "<group>"; };
		8E5FE4682B22C64A0003C66D /* EDTSInformationViewTray.swift */ = {isa = PBXFileReference; fileEncoding = 4; lastKnownFileType = sourcecode.swift; path = EDTSInformationViewTray.swift; sourceTree = "<group>"; };
		8E5FE4692B22C64A0003C66D /* EDTSInformationView.xib */ = {isa = PBXFileReference; fileEncoding = 4; lastKnownFileType = file.xib; path = EDTSInformationView.xib; sourceTree = "<group>"; };
		8E5FE46A2B22C64A0003C66D /* EDTSInformationView.swift */ = {isa = PBXFileReference; fileEncoding = 4; lastKnownFileType = sourcecode.swift; path = EDTSInformationView.swift; sourceTree = "<group>"; };
		8E5FE46F2B22C68E0003C66D /* Extension+UILabel.swift */ = {isa = PBXFileReference; lastKnownFileType = sourcecode.swift; path = "Extension+UILabel.swift"; sourceTree = "<group>"; };
		8E5FE4712B22C6B70003C66D /* Extension+NSAttributedString.swift */ = {isa = PBXFileReference; lastKnownFileType = sourcecode.swift; path = "Extension+NSAttributedString.swift"; sourceTree = "<group>"; };
		8E5FE4732B22C7590003C66D /* EDTSTextHelper.swift */ = {isa = PBXFileReference; lastKnownFileType = sourcecode.swift; path = EDTSTextHelper.swift; sourceTree = "<group>"; };
		8E5FE4752B22C8230003C66D /* Extension+UITextView.swift */ = {isa = PBXFileReference; lastKnownFileType = sourcecode.swift; path = "Extension+UITextView.swift"; sourceTree = "<group>"; };
		8E5FE47D2B22CD2E0003C66D /* EDTSCheckboxOptions.xib */ = {isa = PBXFileReference; fileEncoding = 4; lastKnownFileType = file.xib; path = EDTSCheckboxOptions.xib; sourceTree = "<group>"; };
		8E5FE47F2B22CD2E0003C66D /* EDTSCheckboxOptionsCell.xib */ = {isa = PBXFileReference; fileEncoding = 4; lastKnownFileType = file.xib; path = EDTSCheckboxOptionsCell.xib; sourceTree = "<group>"; };
		8E5FE4802B22CD2E0003C66D /* EDTSCheckboxOptionsCell.swift */ = {isa = PBXFileReference; fileEncoding = 4; lastKnownFileType = sourcecode.swift; path = EDTSCheckboxOptionsCell.swift; sourceTree = "<group>"; };
		8E5FE4812B22CD2E0003C66D /* EDTSCheckboxOptions.swift */ = {isa = PBXFileReference; fileEncoding = 4; lastKnownFileType = sourcecode.swift; path = EDTSCheckboxOptions.swift; sourceTree = "<group>"; };
		8E5FE4832B22CD2E0003C66D /* EDTSRadioOptions.xib */ = {isa = PBXFileReference; fileEncoding = 4; lastKnownFileType = file.xib; path = EDTSRadioOptions.xib; sourceTree = "<group>"; };
		8E5FE4852B22CD2E0003C66D /* EDTSRadioOptionsCell.swift */ = {isa = PBXFileReference; fileEncoding = 4; lastKnownFileType = sourcecode.swift; path = EDTSRadioOptionsCell.swift; sourceTree = "<group>"; };
		8E5FE4862B22CD2E0003C66D /* EDTSRadioOptionsCell.xib */ = {isa = PBXFileReference; fileEncoding = 4; lastKnownFileType = file.xib; path = EDTSRadioOptionsCell.xib; sourceTree = "<group>"; };
		8E5FE4872B22CD2E0003C66D /* EDTSRadioOptions.swift */ = {isa = PBXFileReference; fileEncoding = 4; lastKnownFileType = sourcecode.swift; path = EDTSRadioOptions.swift; sourceTree = "<group>"; };
		8E5FE4912B22CE5F0003C66D /* EDTSOption.swift */ = {isa = PBXFileReference; lastKnownFileType = sourcecode.swift; path = EDTSOption.swift; sourceTree = "<group>"; };
		8E80C42B2B21CA7500AD2BC6 /* EDTSUIAssets.xcassets */ = {isa = PBXFileReference; lastKnownFileType = folder.assetcatalog; path = EDTSUIAssets.xcassets; sourceTree = "<group>"; };
		8E80C42E2B21CD5400AD2BC6 /* EDTSFittedCollectionView.swift */ = {isa = PBXFileReference; fileEncoding = 4; lastKnownFileType = sourcecode.swift; path = EDTSFittedCollectionView.swift; sourceTree = "<group>"; };
		8E80C4302B21CD5400AD2BC6 /* EDTSFittedTableView.swift */ = {isa = PBXFileReference; fileEncoding = 4; lastKnownFileType = sourcecode.swift; path = EDTSFittedTableView.swift; sourceTree = "<group>"; };
		8E80C4442B21D43A00AD2BC6 /* EDTSRangeSliderTrackLayer.swift */ = {isa = PBXFileReference; fileEncoding = 4; lastKnownFileType = sourcecode.swift; path = EDTSRangeSliderTrackLayer.swift; sourceTree = "<group>"; };
		8E80C4452B21D43A00AD2BC6 /* EDTSRangeSliderThumbLayer.swift */ = {isa = PBXFileReference; fileEncoding = 4; lastKnownFileType = sourcecode.swift; path = EDTSRangeSliderThumbLayer.swift; sourceTree = "<group>"; };
		8E80C4462B21D43A00AD2BC6 /* EDTSRangeSlider.swift */ = {isa = PBXFileReference; fileEncoding = 4; lastKnownFileType = sourcecode.swift; path = EDTSRangeSlider.swift; sourceTree = "<group>"; };
		8E8B448E2B2C3B6700B21EEC /* EDTSUIAssets.swift */ = {isa = PBXFileReference; lastKnownFileType = sourcecode.swift; path = EDTSUIAssets.swift; sourceTree = "<group>"; };
		8EF498592B21B51700F6BB4B /* EDTSDatePicker.swift */ = {isa = PBXFileReference; fileEncoding = 4; lastKnownFileType = sourcecode.swift; path = EDTSDatePicker.swift; sourceTree = "<group>"; };
		8EF4985C2B21B51700F6BB4B /* EDTSDatePickerTray.swift */ = {isa = PBXFileReference; fileEncoding = 4; lastKnownFileType = sourcecode.swift; path = EDTSDatePickerTray.swift; sourceTree = "<group>"; };
		8EF4985D2B21B51700F6BB4B /* EDTSDatePickerTray.xib */ = {isa = PBXFileReference; fileEncoding = 4; lastKnownFileType = file.xib; path = EDTSDatePickerTray.xib; sourceTree = "<group>"; };
		8EF4985F2B21B51700F6BB4B /* EDTSMonthYearPickerTray.swift */ = {isa = PBXFileReference; fileEncoding = 4; lastKnownFileType = sourcecode.swift; path = EDTSMonthYearPickerTray.swift; sourceTree = "<group>"; };
		8EF498602B21B51700F6BB4B /* EDTSMonthYearPickerTray.xib */ = {isa = PBXFileReference; fileEncoding = 4; lastKnownFileType = file.xib; path = EDTSMonthYearPickerTray.xib; sourceTree = "<group>"; };
		8EF498612B21B51700F6BB4B /* EDTSDatePicker.xib */ = {isa = PBXFileReference; fileEncoding = 4; lastKnownFileType = file.xib; path = EDTSDatePicker.xib; sourceTree = "<group>"; };
		8EF498692B21B55F00F6BB4B /* EDTSBaseTray.swift */ = {isa = PBXFileReference; fileEncoding = 4; lastKnownFileType = sourcecode.swift; path = EDTSBaseTray.swift; sourceTree = "<group>"; };
		8EF4986C2B21B61100F6BB4B /* Extension+Date.swift */ = {isa = PBXFileReference; lastKnownFileType = sourcecode.swift; path = "Extension+Date.swift"; sourceTree = "<group>"; };
		F230C22728DD909A0056ADBE /* EDTSOTP.xib */ = {isa = PBXFileReference; lastKnownFileType = file.xib; path = EDTSOTP.xib; sourceTree = "<group>"; };
		F230C22928DD90AA0056ADBE /* EDTSOTP.swift */ = {isa = PBXFileReference; lastKnownFileType = sourcecode.swift; path = EDTSOTP.swift; sourceTree = "<group>"; };
		F230C22B28DD92620056ADBE /* EDTSOTPDigit.swift */ = {isa = PBXFileReference; lastKnownFileType = sourcecode.swift; path = EDTSOTPDigit.swift; sourceTree = "<group>"; };
		F25CB5C62925F80D008D4306 /* EDTSSuccessPage.swift */ = {isa = PBXFileReference; lastKnownFileType = sourcecode.swift; path = EDTSSuccessPage.swift; sourceTree = "<group>"; };
		F25CB5C72925F80D008D4306 /* EDTSSuccessPage.xib */ = {isa = PBXFileReference; lastKnownFileType = file.xib; path = EDTSSuccessPage.xib; sourceTree = "<group>"; };
		F25CB5CA2925F9EF008D4306 /* EDTSSuccessPageStyle.swift */ = {isa = PBXFileReference; lastKnownFileType = sourcecode.swift; path = EDTSSuccessPageStyle.swift; sourceTree = "<group>"; };
		F26010A128D02CAC0097FD95 /* EDTSUI.framework */ = {isa = PBXFileReference; explicitFileType = wrapper.framework; includeInIndex = 0; path = EDTSUI.framework; sourceTree = BUILT_PRODUCTS_DIR; };
		F26010A428D02CAC0097FD95 /* EDTSUI.h */ = {isa = PBXFileReference; lastKnownFileType = sourcecode.c.h; path = EDTSUI.h; sourceTree = "<group>"; };
		F26010AE28D02EDF0097FD95 /* EDTSColor.swift */ = {isa = PBXFileReference; lastKnownFileType = sourcecode.swift; path = EDTSColor.swift; sourceTree = "<group>"; };
		F26010B328D038F00097FD95 /* EDTSFont.swift */ = {isa = PBXFileReference; lastKnownFileType = sourcecode.swift; path = EDTSFont.swift; sourceTree = "<group>"; };
		F26010B828D03B580097FD95 /* EDTSPopUp.xib */ = {isa = PBXFileReference; fileEncoding = 4; lastKnownFileType = file.xib; path = EDTSPopUp.xib; sourceTree = "<group>"; };
		F26010B928D03B580097FD95 /* EDTSPopUp.swift */ = {isa = PBXFileReference; fileEncoding = 4; lastKnownFileType = sourcecode.swift; path = EDTSPopUp.swift; sourceTree = "<group>"; };
		F26010C628D03ECB0097FD95 /* EDTSPopUpStyle.swift */ = {isa = PBXFileReference; fileEncoding = 4; lastKnownFileType = sourcecode.swift; path = EDTSPopUpStyle.swift; sourceTree = "<group>"; };
		F263E67228E2A5F60084A3D6 /* EDTSOnboarding.swift */ = {isa = PBXFileReference; lastKnownFileType = sourcecode.swift; path = EDTSOnboarding.swift; sourceTree = "<group>"; };
		F263E67428E2A60E0084A3D6 /* EDTSOnboarding.xib */ = {isa = PBXFileReference; lastKnownFileType = file.xib; path = EDTSOnboarding.xib; sourceTree = "<group>"; };
		F263E67628E2A8320084A3D6 /* EDTSOnboardingContent.xib */ = {isa = PBXFileReference; lastKnownFileType = file.xib; path = EDTSOnboardingContent.xib; sourceTree = "<group>"; };
		F263E67828E2A83C0084A3D6 /* EDTSOnboardingContent.swift */ = {isa = PBXFileReference; lastKnownFileType = sourcecode.swift; path = EDTSOnboardingContent.swift; sourceTree = "<group>"; };
		F263E67A28E2A9CE0084A3D6 /* EDTSOnboardingData.swift */ = {isa = PBXFileReference; lastKnownFileType = sourcecode.swift; path = EDTSOnboardingData.swift; sourceTree = "<group>"; };
		F288C56E292A20930073AE5B /* EDTSToaster.swift */ = {isa = PBXFileReference; fileEncoding = 4; lastKnownFileType = sourcecode.swift; path = EDTSToaster.swift; sourceTree = "<group>"; };
		F288C56F292A20930073AE5B /* EDTSToaster.xib */ = {isa = PBXFileReference; fileEncoding = 4; lastKnownFileType = file.xib; path = EDTSToaster.xib; sourceTree = "<group>"; };
		F297DC6F28D96C500096D2FA /* EDTSTextField.xib */ = {isa = PBXFileReference; lastKnownFileType = file.xib; path = EDTSTextField.xib; sourceTree = "<group>"; };
		F297DC7128D96C830096D2FA /* EDTSTextField.swift */ = {isa = PBXFileReference; lastKnownFileType = sourcecode.swift; path = EDTSTextField.swift; sourceTree = "<group>"; };
		F2E9DF8828ED709700EB301F /* EDTSStepper.swift */ = {isa = PBXFileReference; lastKnownFileType = sourcecode.swift; path = EDTSStepper.swift; sourceTree = "<group>"; };
		F2E9DF8A28ED70A500EB301F /* EDTSStepper.xib */ = {isa = PBXFileReference; lastKnownFileType = file.xib; path = EDTSStepper.xib; sourceTree = "<group>"; };
/* End PBXFileReference section */

/* Begin PBXFrameworksBuildPhase section */
		F260109E28D02CAC0097FD95 /* Frameworks */ = {
			isa = PBXFrameworksBuildPhase;
			buildActionMask = 2147483647;
			files = (
			);
			runOnlyForDeploymentPostprocessing = 0;
		};
/* End PBXFrameworksBuildPhase section */

/* Begin PBXGroup section */
		2504E6F2293705D100B1F7CF /* Dropdown */ = {
			isa = PBXGroup;
			children = (
				2504E6F3293705F600B1F7CF /* EDTSDropdown.swift */,
				2504E6F52937060600B1F7CF /* EDTSDropdown.xib */,
			);
			path = Dropdown;
			sourceTree = "<group>";
		};
		2584CDC8293DADF900A45A21 /* Dropzone */ = {
			isa = PBXGroup;
			children = (
				2584CDC9293DAE0900A45A21 /* EDTSDropZone.swift */,
				2584CDCB293DAE1000A45A21 /* EDTSDropZone.xib */,
			);
			path = Dropzone;
			sourceTree = "<group>";
		};
		25943A242938534D00BCEBA0 /* List */ = {
			isa = PBXGroup;
			children = (
				25943A252938536200BCEBA0 /* EDTSList.swift */,
				25943A272938536C00BCEBA0 /* EDTSList.xib */,
			);
			path = List;
			sourceTree = "<group>";
		};
		8E5FE3F72B22AF1C0003C66D /* EDTSUIView */ = {
			isa = PBXGroup;
			children = (
				8E5FE3F82B22AF2A0003C66D /* EDTSUIView.swift */,
			);
			path = EDTSUIView;
			sourceTree = "<group>";
		};
		8E5FE4332B22B1D20003C66D /* QRCodeView */ = {
			isa = PBXGroup;
			children = (
				8E5FE4392B22B1D20003C66D /* EDTSQRCodeViewTray */,
				8E5FE4382B22B1D20003C66D /* EDTSQRCodeView.swift */,
				8E5FE4342B22B1D20003C66D /* EDTSQRCodeView.xib */,
			);
			path = QRCodeView;
			sourceTree = "<group>";
		};
		8E5FE4392B22B1D20003C66D /* EDTSQRCodeViewTray */ = {
			isa = PBXGroup;
			children = (
				8E5FE43A2B22B1D20003C66D /* EDTSQRCodeViewTray.swift */,
				8E5FE43B2B22B1D20003C66D /* EDTSQRCodeViewTray.xib */,
			);
			path = EDTSQRCodeViewTray;
			sourceTree = "<group>";
		};
		8E5FE4422B22B2130003C66D /* Helpers */ = {
			isa = PBXGroup;
			children = (
				8E5FE4432B22B21E0003C66D /* EDTSQRCodeHelper.swift */,
				8E5FE4732B22C7590003C66D /* EDTSTextHelper.swift */,
			);
			path = Helpers;
			sourceTree = "<group>";
		};
		8E5FE44C2B22B9DC0003C66D /* MenuTray */ = {
			isa = PBXGroup;
			children = (
				8E5FE44F2B22B9DC0003C66D /* Cell */,
				8E5FE44D2B22B9DC0003C66D /* EDTSMenuTray.swift */,
				8E5FE44E2B22B9DC0003C66D /* EDTSMenuTray.xib */,
			);
			path = MenuTray;
			sourceTree = "<group>";
		};
		8E5FE44F2B22B9DC0003C66D /* Cell */ = {
			isa = PBXGroup;
			children = (
				8E5FE4502B22B9DC0003C66D /* EDTSMenuTrayCell.swift */,
				8E5FE4512B22B9DC0003C66D /* EDTSMenuTrayCell.xib */,
			);
			path = Cell;
			sourceTree = "<group>";
		};
		8E5FE45B2B22C35D0003C66D /* AlertTray */ = {
			isa = PBXGroup;
			children = (
				8E5FE45C2B22C35D0003C66D /* EDTSAlertTray.swift */,
				8E5FE45D2B22C35D0003C66D /* EDTSAlertTray.xib */,
			);
			path = AlertTray;
			sourceTree = "<group>";
		};
		8E5FE4652B22C64A0003C66D /* InformationView */ = {
			isa = PBXGroup;
			children = (
				8E5FE4662B22C64A0003C66D /* InformationViewTray */,
				8E5FE46A2B22C64A0003C66D /* EDTSInformationView.swift */,
				8E5FE4692B22C64A0003C66D /* EDTSInformationView.xib */,
			);
			path = InformationView;
			sourceTree = "<group>";
		};
		8E5FE4662B22C64A0003C66D /* InformationViewTray */ = {
			isa = PBXGroup;
			children = (
				8E5FE4682B22C64A0003C66D /* EDTSInformationViewTray.swift */,
				8E5FE4672B22C64A0003C66D /* EDTSInformationViewTray.xib */,
			);
			path = InformationViewTray;
			sourceTree = "<group>";
		};
		8E5FE47C2B22CD2E0003C66D /* CheckboxOptions */ = {
			isa = PBXGroup;
			children = (
				8E5FE47E2B22CD2E0003C66D /* Cell */,
				8E5FE4812B22CD2E0003C66D /* EDTSCheckboxOptions.swift */,
				8E5FE47D2B22CD2E0003C66D /* EDTSCheckboxOptions.xib */,
			);
			path = CheckboxOptions;
			sourceTree = "<group>";
		};
		8E5FE47E2B22CD2E0003C66D /* Cell */ = {
			isa = PBXGroup;
			children = (
				8E5FE4802B22CD2E0003C66D /* EDTSCheckboxOptionsCell.swift */,
				8E5FE47F2B22CD2E0003C66D /* EDTSCheckboxOptionsCell.xib */,
			);
			path = Cell;
			sourceTree = "<group>";
		};
		8E5FE4822B22CD2E0003C66D /* RadioOptions */ = {
			isa = PBXGroup;
			children = (
				8E5FE4842B22CD2E0003C66D /* Cell */,
				8E5FE4872B22CD2E0003C66D /* EDTSRadioOptions.swift */,
				8E5FE4832B22CD2E0003C66D /* EDTSRadioOptions.xib */,
			);
			path = RadioOptions;
			sourceTree = "<group>";
		};
		8E5FE4842B22CD2E0003C66D /* Cell */ = {
			isa = PBXGroup;
			children = (
				8E5FE4852B22CD2E0003C66D /* EDTSRadioOptionsCell.swift */,
				8E5FE4862B22CD2E0003C66D /* EDTSRadioOptionsCell.xib */,
			);
			path = Cell;
			sourceTree = "<group>";
		};
		8E5FE4902B22CE270003C66D /* Options */ = {
			isa = PBXGroup;
			children = (
				8E5FE4932B22CE750003C66D /* Entities */,
				8E5FE47C2B22CD2E0003C66D /* CheckboxOptions */,
				8E5FE4822B22CD2E0003C66D /* RadioOptions */,
			);
			path = Options;
			sourceTree = "<group>";
		};
		8E5FE4932B22CE750003C66D /* Entities */ = {
			isa = PBXGroup;
			children = (
				8E5FE4912B22CE5F0003C66D /* EDTSOption.swift */,
			);
			path = Entities;
			sourceTree = "<group>";
		};
		8E80C42D2B21CD5400AD2BC6 /* FittedCollectionView */ = {
			isa = PBXGroup;
			children = (
				8E80C42E2B21CD5400AD2BC6 /* EDTSFittedCollectionView.swift */,
			);
			path = FittedCollectionView;
			sourceTree = "<group>";
		};
		8E80C42F2B21CD5400AD2BC6 /* FittedTableView */ = {
			isa = PBXGroup;
			children = (
				8E80C4302B21CD5400AD2BC6 /* EDTSFittedTableView.swift */,
			);
			path = FittedTableView;
			sourceTree = "<group>";
		};
		8E80C4422B21D43A00AD2BC6 /* RangeSlider */ = {
			isa = PBXGroup;
			children = (
				8E80C4432B21D43A00AD2BC6 /* Layers */,
				8E80C4462B21D43A00AD2BC6 /* EDTSRangeSlider.swift */,
			);
			path = RangeSlider;
			sourceTree = "<group>";
		};
		8E80C4432B21D43A00AD2BC6 /* Layers */ = {
			isa = PBXGroup;
			children = (
				8E80C4442B21D43A00AD2BC6 /* EDTSRangeSliderTrackLayer.swift */,
				8E80C4452B21D43A00AD2BC6 /* EDTSRangeSliderThumbLayer.swift */,
			);
			path = Layers;
			sourceTree = "<group>";
		};
		8E8B448B2B2C3A1100B21EEC /* Assets */ = {
			isa = PBXGroup;
			children = (
				8E80C42B2B21CA7500AD2BC6 /* EDTSUIAssets.xcassets */,
				8E8B448E2B2C3B6700B21EEC /* EDTSUIAssets.swift */,
			);
			path = Assets;
			sourceTree = "<group>";
		};
		8EF498582B21B51700F6BB4B /* DatePicker */ = {
			isa = PBXGroup;
			children = (
				8EF4985A2B21B51700F6BB4B /* Tray */,
				8EF498592B21B51700F6BB4B /* EDTSDatePicker.swift */,
				8EF498612B21B51700F6BB4B /* EDTSDatePicker.xib */,
			);
			path = DatePicker;
			sourceTree = "<group>";
		};
		8EF4985A2B21B51700F6BB4B /* Tray */ = {
			isa = PBXGroup;
			children = (
				8EF4985B2B21B51700F6BB4B /* DatePickerTray */,
				8EF4985E2B21B51700F6BB4B /* MonthYearPickerTray */,
			);
			path = Tray;
			sourceTree = "<group>";
		};
		8EF4985B2B21B51700F6BB4B /* DatePickerTray */ = {
			isa = PBXGroup;
			children = (
				8EF4985C2B21B51700F6BB4B /* EDTSDatePickerTray.swift */,
				8EF4985D2B21B51700F6BB4B /* EDTSDatePickerTray.xib */,
			);
			path = DatePickerTray;
			sourceTree = "<group>";
		};
		8EF4985E2B21B51700F6BB4B /* MonthYearPickerTray */ = {
			isa = PBXGroup;
			children = (
				8EF4985F2B21B51700F6BB4B /* EDTSMonthYearPickerTray.swift */,
				8EF498602B21B51700F6BB4B /* EDTSMonthYearPickerTray.xib */,
			);
			path = MonthYearPickerTray;
			sourceTree = "<group>";
		};
		8EF498682B21B55100F6BB4B /* Base */ = {
			isa = PBXGroup;
			children = (
				8EFAB9942B23EF2000BEAB6D /* BaseTray */,
			);
			path = Base;
			sourceTree = "<group>";
		};
		8EF4986B2B21B5EE00F6BB4B /* Extensions */ = {
			isa = PBXGroup;
			children = (
				8EF4986C2B21B61100F6BB4B /* Extension+Date.swift */,
				8E5FE4752B22C8230003C66D /* Extension+UITextView.swift */,
				8E5FE46F2B22C68E0003C66D /* Extension+UILabel.swift */,
				8E5FE4712B22C6B70003C66D /* Extension+NSAttributedString.swift */,
			);
			path = Extensions;
			sourceTree = "<group>";
		};
		8EFAB9942B23EF2000BEAB6D /* BaseTray */ = {
			isa = PBXGroup;
			children = (
				8EF498692B21B55F00F6BB4B /* EDTSBaseTray.swift */,
			);
			path = BaseTray;
			sourceTree = "<group>";
		};
		F230C22628DD8EEE0056ADBE /* OTP */ = {
			isa = PBXGroup;
			children = (
				F230C22B28DD92620056ADBE /* EDTSOTPDigit.swift */,
				F230C22928DD90AA0056ADBE /* EDTSOTP.swift */,
				F230C22728DD909A0056ADBE /* EDTSOTP.xib */,
			);
			path = OTP;
			sourceTree = "<group>";
		};
		F25CB5C32925F7C9008D4306 /* SuccessPage */ = {
			isa = PBXGroup;
			children = (
				F25CB5CA2925F9EF008D4306 /* EDTSSuccessPageStyle.swift */,
				F25CB5C62925F80D008D4306 /* EDTSSuccessPage.swift */,
				F25CB5C72925F80D008D4306 /* EDTSSuccessPage.xib */,
			);
			path = SuccessPage;
			sourceTree = "<group>";
		};
		F260109728D02CAC0097FD95 = {
			isa = PBXGroup;
			children = (
				F26010A328D02CAC0097FD95 /* EDTSUI */,
				F26010A228D02CAC0097FD95 /* Products */,
			);
			sourceTree = "<group>";
		};
		F26010A228D02CAC0097FD95 /* Products */ = {
			isa = PBXGroup;
			children = (
				F26010A128D02CAC0097FD95 /* EDTSUI.framework */,
			);
			name = Products;
			sourceTree = "<group>";
		};
		F26010A328D02CAC0097FD95 /* EDTSUI */ = {
			isa = PBXGroup;
			children = (
				8E8B448B2B2C3A1100B21EEC /* Assets */,
				8EF498682B21B55100F6BB4B /* Base */,
				8EF4986B2B21B5EE00F6BB4B /* Extensions */,
				8E5FE4422B22B2130003C66D /* Helpers */,
				F26010AB28D02D0A0097FD95 /* Atoms */,
				F26010AC28D02D100097FD95 /* Components */,
				F2F10B9128D4485400985AE8 /* Modules */,
				F26010A428D02CAC0097FD95 /* EDTSUI.h */,
			);
			path = EDTSUI;
			sourceTree = "<group>";
		};
		F26010AB28D02D0A0097FD95 /* Atoms */ = {
			isa = PBXGroup;
			children = (
				F26010AD28D02ECE0097FD95 /* Color */,
				F26010B028D036B90097FD95 /* Font */,
			);
			path = Atoms;
			sourceTree = "<group>";
		};
		F26010AC28D02D100097FD95 /* Components */ = {
			isa = PBXGroup;
			children = (
				2584CDC8293DADF900A45A21 /* Dropzone */,
				25943A242938534D00BCEBA0 /* List */,
				2504E6F2293705D100B1F7CF /* Dropdown */,
				F230C22628DD8EEE0056ADBE /* OTP */,
				F2F10B9228D44BBF00985AE8 /* Textfield */,
				F2E9DF8728ED6FAD00EB301F /* Stepper */,
				F288C56D292A206D0073AE5B /* Toaster */,
				8EF498582B21B51700F6BB4B /* DatePicker */,
				8E80C42D2B21CD5400AD2BC6 /* FittedCollectionView */,
				8E80C42F2B21CD5400AD2BC6 /* FittedTableView */,
				8E80C4422B21D43A00AD2BC6 /* RangeSlider */,
				8E5FE3F72B22AF1C0003C66D /* EDTSUIView */,
				8E5FE4332B22B1D20003C66D /* QRCodeView */,
				8E5FE44C2B22B9DC0003C66D /* MenuTray */,
				8E5FE45B2B22C35D0003C66D /* AlertTray */,
				8E5FE4652B22C64A0003C66D /* InformationView */,
				8E5FE4902B22CE270003C66D /* Options */,
			);
			path = Components;
			sourceTree = "<group>";
		};
		F26010AD28D02ECE0097FD95 /* Color */ = {
			isa = PBXGroup;
			children = (
				F26010AE28D02EDF0097FD95 /* EDTSColor.swift */,
			);
			path = Color;
			sourceTree = "<group>";
		};
		F26010B028D036B90097FD95 /* Font */ = {
			isa = PBXGroup;
			children = (
				F26010B328D038F00097FD95 /* EDTSFont.swift */,
			);
			path = Font;
			sourceTree = "<group>";
		};
		F26010B528D03B580097FD95 /* PopUp */ = {
			isa = PBXGroup;
			children = (
				F26010C628D03ECB0097FD95 /* EDTSPopUpStyle.swift */,
				F26010B928D03B580097FD95 /* EDTSPopUp.swift */,
				F26010B828D03B580097FD95 /* EDTSPopUp.xib */,
			);
			path = PopUp;
			sourceTree = "<group>";
		};
		F263E67128E2A57F0084A3D6 /* Onboarding */ = {
			isa = PBXGroup;
			children = (
				F263E67228E2A5F60084A3D6 /* EDTSOnboarding.swift */,
				F263E67428E2A60E0084A3D6 /* EDTSOnboarding.xib */,
				F263E67828E2A83C0084A3D6 /* EDTSOnboardingContent.swift */,
				F263E67628E2A8320084A3D6 /* EDTSOnboardingContent.xib */,
				F263E67A28E2A9CE0084A3D6 /* EDTSOnboardingData.swift */,
			);
			path = Onboarding;
			sourceTree = "<group>";
		};
		F288C56D292A206D0073AE5B /* Toaster */ = {
			isa = PBXGroup;
			children = (
				F288C56E292A20930073AE5B /* EDTSToaster.swift */,
				F288C56F292A20930073AE5B /* EDTSToaster.xib */,
			);
			path = Toaster;
			sourceTree = "<group>";
		};
		F2E9DF8728ED6FAD00EB301F /* Stepper */ = {
			isa = PBXGroup;
			children = (
				F2E9DF8828ED709700EB301F /* EDTSStepper.swift */,
				F2E9DF8A28ED70A500EB301F /* EDTSStepper.xib */,
			);
			path = Stepper;
			sourceTree = "<group>";
		};
		F2F10B9128D4485400985AE8 /* Modules */ = {
			isa = PBXGroup;
			children = (
				F26010B528D03B580097FD95 /* PopUp */,
				F263E67128E2A57F0084A3D6 /* Onboarding */,
				F25CB5C32925F7C9008D4306 /* SuccessPage */,
			);
			path = Modules;
			sourceTree = "<group>";
		};
		F2F10B9228D44BBF00985AE8 /* Textfield */ = {
			isa = PBXGroup;
			children = (
				F297DC7128D96C830096D2FA /* EDTSTextField.swift */,
				F297DC6F28D96C500096D2FA /* EDTSTextField.xib */,
			);
			path = Textfield;
			sourceTree = "<group>";
		};
/* End PBXGroup section */

/* Begin PBXHeadersBuildPhase section */
		F260109C28D02CAC0097FD95 /* Headers */ = {
			isa = PBXHeadersBuildPhase;
			buildActionMask = 2147483647;
			files = (
				F26010A528D02CAC0097FD95 /* EDTSUI.h in Headers */,
			);
			runOnlyForDeploymentPostprocessing = 0;
		};
/* End PBXHeadersBuildPhase section */

/* Begin PBXNativeTarget section */
		F26010A028D02CAC0097FD95 /* EDTSUI */ = {
			isa = PBXNativeTarget;
			buildConfigurationList = F26010A828D02CAC0097FD95 /* Build configuration list for PBXNativeTarget "EDTSUI" */;
			buildPhases = (
				F260109C28D02CAC0097FD95 /* Headers */,
				F260109D28D02CAC0097FD95 /* Sources */,
				F260109E28D02CAC0097FD95 /* Frameworks */,
				F260109F28D02CAC0097FD95 /* Resources */,
			);
			buildRules = (
			);
			dependencies = (
			);
			name = EDTSUI;
			productName = EDTSUI;
			productReference = F26010A128D02CAC0097FD95 /* EDTSUI.framework */;
			productType = "com.apple.product-type.framework";
		};
/* End PBXNativeTarget section */

/* Begin PBXProject section */
		F260109828D02CAC0097FD95 /* Project object */ = {
			isa = PBXProject;
			attributes = {
				BuildIndependentTargetsInParallel = 1;
				LastUpgradeCheck = 1310;
				TargetAttributes = {
					F26010A028D02CAC0097FD95 = {
						CreatedOnToolsVersion = 13.1;
						LastSwiftMigration = 1310;
					};
				};
			};
			buildConfigurationList = F260109B28D02CAC0097FD95 /* Build configuration list for PBXProject "EDTSUI" */;
			compatibilityVersion = "Xcode 13.0";
			developmentRegion = en;
			hasScannedForEncodings = 0;
			knownRegions = (
				en,
				Base,
			);
			mainGroup = F260109728D02CAC0097FD95;
			productRefGroup = F26010A228D02CAC0097FD95 /* Products */;
			projectDirPath = "";
			projectRoot = "";
			targets = (
				F26010A028D02CAC0097FD95 /* EDTSUI */,
			);
		};
/* End PBXProject section */

/* Begin PBXResourcesBuildPhase section */
		F260109F28D02CAC0097FD95 /* Resources */ = {
			isa = PBXResourcesBuildPhase;
			buildActionMask = 2147483647;
			files = (
				F26010BB28D03B580097FD95 /* EDTSPopUp.xib in Resources */,
				2584CDCC293DAE1000A45A21 /* EDTSDropZone.xib in Resources */,
				8E5FE48E2B22CD2E0003C66D /* EDTSRadioOptionsCell.xib in Resources */,
				8E5FE4412B22B1D20003C66D /* EDTSQRCodeViewTray.xib in Resources */,
				F2E9DF8B28ED70A500EB301F /* EDTSStepper.xib in Resources */,
				8E5FE4532B22B9DC0003C66D /* EDTSMenuTray.xib in Resources */,
				8EF498672B21B51700F6BB4B /* EDTSDatePicker.xib in Resources */,
				8E5FE4552B22B9DD0003C66D /* EDTSMenuTrayCell.xib in Resources */,
				8E80C42C2B21CA7500AD2BC6 /* EDTSUIAssets.xcassets in Resources */,
				F288C571292A20930073AE5B /* EDTSToaster.xib in Resources */,
				F25CB5C92925F80D008D4306 /* EDTSSuccessPage.xib in Resources */,
				8E5FE46B2B22C64A0003C66D /* EDTSInformationViewTray.xib in Resources */,
				8E5FE4892B22CD2E0003C66D /* EDTSCheckboxOptionsCell.xib in Resources */,
				F297DC7028D96C500096D2FA /* EDTSTextField.xib in Resources */,
				8E5FE43C2B22B1D20003C66D /* EDTSQRCodeView.xib in Resources */,
				8E5FE46D2B22C64A0003C66D /* EDTSInformationView.xib in Resources */,
				F263E67528E2A60E0084A3D6 /* EDTSOnboarding.xib in Resources */,
				F230C22828DD909A0056ADBE /* EDTSOTP.xib in Resources */,
				8E5FE45F2B22C35D0003C66D /* EDTSAlertTray.xib in Resources */,
				25943A282938536C00BCEBA0 /* EDTSList.xib in Resources */,
				2504E6F62937060600B1F7CF /* EDTSDropdown.xib in Resources */,
				F263E67728E2A8320084A3D6 /* EDTSOnboardingContent.xib in Resources */,
				8EF498662B21B51700F6BB4B /* EDTSMonthYearPickerTray.xib in Resources */,
				8EF498642B21B51700F6BB4B /* EDTSDatePickerTray.xib in Resources */,
				8E5FE48C2B22CD2E0003C66D /* EDTSRadioOptions.xib in Resources */,
				8E5FE4882B22CD2E0003C66D /* EDTSCheckboxOptions.xib in Resources */,
			);
			runOnlyForDeploymentPostprocessing = 0;
		};
/* End PBXResourcesBuildPhase section */

/* Begin PBXSourcesBuildPhase section */
		F260109D28D02CAC0097FD95 /* Sources */ = {
			isa = PBXSourcesBuildPhase;
			buildActionMask = 2147483647;
			files = (
				F26010B428D038F00097FD95 /* EDTSFont.swift in Sources */,
				F263E67928E2A83C0084A3D6 /* EDTSOnboardingContent.swift in Sources */,
				F2E9DF8928ED709700EB301F /* EDTSStepper.swift in Sources */,
				F263E67B28E2A9CE0084A3D6 /* EDTSOnboardingData.swift in Sources */,
				8E5FE3F92B22AF2A0003C66D /* EDTSUIView.swift in Sources */,
				8E80C4492B21D43A00AD2BC6 /* EDTSRangeSlider.swift in Sources */,
				8EF498632B21B51700F6BB4B /* EDTSDatePickerTray.swift in Sources */,
				8E5FE4922B22CE5F0003C66D /* EDTSOption.swift in Sources */,
				8EF4986D2B21B61100F6BB4B /* Extension+Date.swift in Sources */,
				8EF4986A2B21B55F00F6BB4B /* EDTSBaseTray.swift in Sources */,
				F297DC7228D96C830096D2FA /* EDTSTextField.swift in Sources */,
				8E5FE46C2B22C64A0003C66D /* EDTSInformationViewTray.swift in Sources */,
				25943A262938536200BCEBA0 /* EDTSList.swift in Sources */,
				F263E67328E2A5F60084A3D6 /* EDTSOnboarding.swift in Sources */,
				8E5FE48B2B22CD2E0003C66D /* EDTSCheckboxOptions.swift in Sources */,
				8E5FE43F2B22B1D20003C66D /* EDTSQRCodeView.swift in Sources */,
				8E5FE48A2B22CD2E0003C66D /* EDTSCheckboxOptionsCell.swift in Sources */,
				F288C570292A20930073AE5B /* EDTSToaster.swift in Sources */,
				8E5FE48D2B22CD2E0003C66D /* EDTSRadioOptionsCell.swift in Sources */,
				8E5FE45E2B22C35D0003C66D /* EDTSAlertTray.swift in Sources */,
				8E80C4322B21CD5400AD2BC6 /* EDTSFittedTableView.swift in Sources */,
				8EF498652B21B51700F6BB4B /* EDTSMonthYearPickerTray.swift in Sources */,
				8E8B448F2B2C3B6700B21EEC /* EDTSUIAssets.swift in Sources */,
				F25CB5C82925F80D008D4306 /* EDTSSuccessPage.swift in Sources */,
				2584CDCA293DAE0900A45A21 /* EDTSDropZone.swift in Sources */,
				F26010BC28D03B580097FD95 /* EDTSPopUp.swift in Sources */,
				8E5FE48F2B22CD2E0003C66D /* EDTSRadioOptions.swift in Sources */,
				8E80C4472B21D43A00AD2BC6 /* EDTSRangeSliderTrackLayer.swift in Sources */,
				8E5FE4742B22C7590003C66D /* EDTSTextHelper.swift in Sources */,
				F26010C728D03ECB0097FD95 /* EDTSPopUpStyle.swift in Sources */,
				8E5FE4722B22C6B70003C66D /* Extension+NSAttributedString.swift in Sources */,
				8E80C4312B21CD5400AD2BC6 /* EDTSFittedCollectionView.swift in Sources */,
				8E5FE4542B22B9DD0003C66D /* EDTSMenuTrayCell.swift in Sources */,
				8E5FE4762B22C8230003C66D /* Extension+UITextView.swift in Sources */,
				2504E6F4293705F600B1F7CF /* EDTSDropdown.swift in Sources */,
				F230C22C28DD92620056ADBE /* EDTSOTPDigit.swift in Sources */,
				8E80C4482B21D43A00AD2BC6 /* EDTSRangeSliderThumbLayer.swift in Sources */,
				F25CB5CB2925F9EF008D4306 /* EDTSSuccessPageStyle.swift in Sources */,
				F26010AF28D02EDF0097FD95 /* EDTSColor.swift in Sources */,
				F230C22A28DD90AA0056ADBE /* EDTSOTP.swift in Sources */,
				8E5FE4702B22C68E0003C66D /* Extension+UILabel.swift in Sources */,
				8E5FE4402B22B1D20003C66D /* EDTSQRCodeViewTray.swift in Sources */,
				8EF498622B21B51700F6BB4B /* EDTSDatePicker.swift in Sources */,
				8E5FE46E2B22C64A0003C66D /* EDTSInformationView.swift in Sources */,
				8E5FE4522B22B9DC0003C66D /* EDTSMenuTray.swift in Sources */,
				8E5FE4442B22B21E0003C66D /* EDTSQRCodeHelper.swift in Sources */,
			);
			runOnlyForDeploymentPostprocessing = 0;
		};
/* End PBXSourcesBuildPhase section */

/* Begin XCBuildConfiguration section */
		F26010A628D02CAC0097FD95 /* Debug */ = {
			isa = XCBuildConfiguration;
			buildSettings = {
				ALWAYS_SEARCH_USER_PATHS = NO;
				CLANG_ANALYZER_NONNULL = YES;
				CLANG_ANALYZER_NUMBER_OBJECT_CONVERSION = YES_AGGRESSIVE;
				CLANG_CXX_LANGUAGE_STANDARD = "gnu++17";
				CLANG_CXX_LIBRARY = "libc++";
				CLANG_ENABLE_MODULES = YES;
				CLANG_ENABLE_OBJC_ARC = YES;
				CLANG_ENABLE_OBJC_WEAK = YES;
				CLANG_WARN_BLOCK_CAPTURE_AUTORELEASING = YES;
				CLANG_WARN_BOOL_CONVERSION = YES;
				CLANG_WARN_COMMA = YES;
				CLANG_WARN_CONSTANT_CONVERSION = YES;
				CLANG_WARN_DEPRECATED_OBJC_IMPLEMENTATIONS = YES;
				CLANG_WARN_DIRECT_OBJC_ISA_USAGE = YES_ERROR;
				CLANG_WARN_DOCUMENTATION_COMMENTS = YES;
				CLANG_WARN_EMPTY_BODY = YES;
				CLANG_WARN_ENUM_CONVERSION = YES;
				CLANG_WARN_INFINITE_RECURSION = YES;
				CLANG_WARN_INT_CONVERSION = YES;
				CLANG_WARN_NON_LITERAL_NULL_CONVERSION = YES;
				CLANG_WARN_OBJC_IMPLICIT_RETAIN_SELF = YES;
				CLANG_WARN_OBJC_LITERAL_CONVERSION = YES;
				CLANG_WARN_OBJC_ROOT_CLASS = YES_ERROR;
				CLANG_WARN_QUOTED_INCLUDE_IN_FRAMEWORK_HEADER = YES;
				CLANG_WARN_RANGE_LOOP_ANALYSIS = YES;
				CLANG_WARN_STRICT_PROTOTYPES = YES;
				CLANG_WARN_SUSPICIOUS_MOVE = YES;
				CLANG_WARN_UNGUARDED_AVAILABILITY = YES_AGGRESSIVE;
				CLANG_WARN_UNREACHABLE_CODE = YES;
				CLANG_WARN__DUPLICATE_METHOD_MATCH = YES;
				COPY_PHASE_STRIP = NO;
				CURRENT_PROJECT_VERSION = 1;
				DEBUG_INFORMATION_FORMAT = dwarf;
				ENABLE_STRICT_OBJC_MSGSEND = YES;
				ENABLE_TESTABILITY = YES;
				GCC_C_LANGUAGE_STANDARD = gnu11;
				GCC_DYNAMIC_NO_PIC = NO;
				GCC_NO_COMMON_BLOCKS = YES;
				GCC_OPTIMIZATION_LEVEL = 0;
				GCC_PREPROCESSOR_DEFINITIONS = (
					"DEBUG=1",
					"$(inherited)",
				);
				GCC_WARN_64_TO_32_BIT_CONVERSION = YES;
				GCC_WARN_ABOUT_RETURN_TYPE = YES_ERROR;
				GCC_WARN_UNDECLARED_SELECTOR = YES;
				GCC_WARN_UNINITIALIZED_AUTOS = YES_AGGRESSIVE;
				GCC_WARN_UNUSED_FUNCTION = YES;
				GCC_WARN_UNUSED_VARIABLE = YES;
				IPHONEOS_DEPLOYMENT_TARGET = 15.0;
				MTL_ENABLE_DEBUG_INFO = INCLUDE_SOURCE;
				MTL_FAST_MATH = YES;
				ONLY_ACTIVE_ARCH = YES;
				SDKROOT = iphoneos;
				SWIFT_ACTIVE_COMPILATION_CONDITIONS = DEBUG;
				SWIFT_OPTIMIZATION_LEVEL = "-Onone";
				VERSIONING_SYSTEM = "apple-generic";
				VERSION_INFO_PREFIX = "";
			};
			name = Debug;
		};
		F26010A728D02CAC0097FD95 /* Release */ = {
			isa = XCBuildConfiguration;
			buildSettings = {
				ALWAYS_SEARCH_USER_PATHS = NO;
				CLANG_ANALYZER_NONNULL = YES;
				CLANG_ANALYZER_NUMBER_OBJECT_CONVERSION = YES_AGGRESSIVE;
				CLANG_CXX_LANGUAGE_STANDARD = "gnu++17";
				CLANG_CXX_LIBRARY = "libc++";
				CLANG_ENABLE_MODULES = YES;
				CLANG_ENABLE_OBJC_ARC = YES;
				CLANG_ENABLE_OBJC_WEAK = YES;
				CLANG_WARN_BLOCK_CAPTURE_AUTORELEASING = YES;
				CLANG_WARN_BOOL_CONVERSION = YES;
				CLANG_WARN_COMMA = YES;
				CLANG_WARN_CONSTANT_CONVERSION = YES;
				CLANG_WARN_DEPRECATED_OBJC_IMPLEMENTATIONS = YES;
				CLANG_WARN_DIRECT_OBJC_ISA_USAGE = YES_ERROR;
				CLANG_WARN_DOCUMENTATION_COMMENTS = YES;
				CLANG_WARN_EMPTY_BODY = YES;
				CLANG_WARN_ENUM_CONVERSION = YES;
				CLANG_WARN_INFINITE_RECURSION = YES;
				CLANG_WARN_INT_CONVERSION = YES;
				CLANG_WARN_NON_LITERAL_NULL_CONVERSION = YES;
				CLANG_WARN_OBJC_IMPLICIT_RETAIN_SELF = YES;
				CLANG_WARN_OBJC_LITERAL_CONVERSION = YES;
				CLANG_WARN_OBJC_ROOT_CLASS = YES_ERROR;
				CLANG_WARN_QUOTED_INCLUDE_IN_FRAMEWORK_HEADER = YES;
				CLANG_WARN_RANGE_LOOP_ANALYSIS = YES;
				CLANG_WARN_STRICT_PROTOTYPES = YES;
				CLANG_WARN_SUSPICIOUS_MOVE = YES;
				CLANG_WARN_UNGUARDED_AVAILABILITY = YES_AGGRESSIVE;
				CLANG_WARN_UNREACHABLE_CODE = YES;
				CLANG_WARN__DUPLICATE_METHOD_MATCH = YES;
				COPY_PHASE_STRIP = NO;
				CURRENT_PROJECT_VERSION = 1;
				DEBUG_INFORMATION_FORMAT = "dwarf-with-dsym";
				ENABLE_NS_ASSERTIONS = NO;
				ENABLE_STRICT_OBJC_MSGSEND = YES;
				GCC_C_LANGUAGE_STANDARD = gnu11;
				GCC_NO_COMMON_BLOCKS = YES;
				GCC_WARN_64_TO_32_BIT_CONVERSION = YES;
				GCC_WARN_ABOUT_RETURN_TYPE = YES_ERROR;
				GCC_WARN_UNDECLARED_SELECTOR = YES;
				GCC_WARN_UNINITIALIZED_AUTOS = YES_AGGRESSIVE;
				GCC_WARN_UNUSED_FUNCTION = YES;
				GCC_WARN_UNUSED_VARIABLE = YES;
				IPHONEOS_DEPLOYMENT_TARGET = 15.0;
				MTL_ENABLE_DEBUG_INFO = NO;
				MTL_FAST_MATH = YES;
				SDKROOT = iphoneos;
				SWIFT_COMPILATION_MODE = wholemodule;
				SWIFT_OPTIMIZATION_LEVEL = "-O";
				VALIDATE_PRODUCT = YES;
				VERSIONING_SYSTEM = "apple-generic";
				VERSION_INFO_PREFIX = "";
			};
			name = Release;
		};
		F26010A928D02CAC0097FD95 /* Debug */ = {
			isa = XCBuildConfiguration;
			buildSettings = {
				CLANG_ENABLE_MODULES = YES;
				CODE_SIGN_STYLE = Automatic;
				CURRENT_PROJECT_VERSION = 1;
				DEFINES_MODULE = YES;
				DEVELOPMENT_TEAM = 289XASJHAK;
				DYLIB_COMPATIBILITY_VERSION = 1;
				DYLIB_CURRENT_VERSION = 1;
				DYLIB_INSTALL_NAME_BASE = "@rpath";
				GENERATE_INFOPLIST_FILE = YES;
				INFOPLIST_KEY_NSHumanReadableCopyright = "";
				INSTALL_PATH = "$(LOCAL_LIBRARY_DIR)/Frameworks";
				IPHONEOS_DEPLOYMENT_TARGET = 11.0;
				LD_RUNPATH_SEARCH_PATHS = (
					"$(inherited)",
					"@executable_path/Frameworks",
					"@loader_path/Frameworks",
				);
				MARKETING_VERSION = 1.0;
				PRODUCT_BUNDLE_IDENTIFIER = com.edts.ui.ios;
				PRODUCT_NAME = "$(TARGET_NAME:c99extidentifier)";
				SKIP_INSTALL = YES;
				SUPPORTS_MACCATALYST = NO;
				SWIFT_EMIT_LOC_STRINGS = YES;
				SWIFT_OPTIMIZATION_LEVEL = "-Onone";
				SWIFT_VERSION = 5.0;
				TARGETED_DEVICE_FAMILY = "1,2";
			};
			name = Debug;
		};
		F26010AA28D02CAC0097FD95 /* Release */ = {
			isa = XCBuildConfiguration;
			buildSettings = {
				CLANG_ENABLE_MODULES = YES;
				CODE_SIGN_STYLE = Automatic;
				CURRENT_PROJECT_VERSION = 1;
				DEFINES_MODULE = YES;
				DEVELOPMENT_TEAM = 289XASJHAK;
				DYLIB_COMPATIBILITY_VERSION = 1;
				DYLIB_CURRENT_VERSION = 1;
				DYLIB_INSTALL_NAME_BASE = "@rpath";
				GENERATE_INFOPLIST_FILE = YES;
				INFOPLIST_KEY_NSHumanReadableCopyright = "";
				INSTALL_PATH = "$(LOCAL_LIBRARY_DIR)/Frameworks";
				IPHONEOS_DEPLOYMENT_TARGET = 11.0;
				LD_RUNPATH_SEARCH_PATHS = (
					"$(inherited)",
					"@executable_path/Frameworks",
					"@loader_path/Frameworks",
				);
				MARKETING_VERSION = 1.0;
				PRODUCT_BUNDLE_IDENTIFIER = com.edts.ui.ios;
				PRODUCT_NAME = "$(TARGET_NAME:c99extidentifier)";
				SKIP_INSTALL = YES;
				SUPPORTS_MACCATALYST = NO;
				SWIFT_EMIT_LOC_STRINGS = YES;
				SWIFT_VERSION = 5.0;
				TARGETED_DEVICE_FAMILY = "1,2";
			};
			name = Release;
		};
/* End XCBuildConfiguration section */

/* Begin XCConfigurationList section */
		F260109B28D02CAC0097FD95 /* Build configuration list for PBXProject "EDTSUI" */ = {
			isa = XCConfigurationList;
			buildConfigurations = (
				F26010A628D02CAC0097FD95 /* Debug */,
				F26010A728D02CAC0097FD95 /* Release */,
			);
			defaultConfigurationIsVisible = 0;
			defaultConfigurationName = Release;
		};
		F26010A828D02CAC0097FD95 /* Build configuration list for PBXNativeTarget "EDTSUI" */ = {
			isa = XCConfigurationList;
			buildConfigurations = (
				F26010A928D02CAC0097FD95 /* Debug */,
				F26010AA28D02CAC0097FD95 /* Release */,
			);
			defaultConfigurationIsVisible = 0;
			defaultConfigurationName = Release;
		};
/* End XCConfigurationList section */
	};
	rootObject = F260109828D02CAC0097FD95 /* Project object */;
}
